
Microsoft Visual Studio Solution File, Format Version 12.00
# Visual Studio Version 17
VisualStudioVersion = 17.9.34728.123
MinimumVisualStudioVersion = 10.0.40219.1
Project("{FAE04EC0-301F-11D3-BF4B-00C04F79EFBC}") = "AT1.5-webdotnet", "AT1.5-webdotnet\AT1.5-webdotnet.csproj", "{AD10FB0D-0C17-4674-875F-79EA0B018315}"
EndProject
Global
	GlobalSection(SolutionConfigurationPlatforms) = preSolution
		Debug|Any CPU = Debug|Any CPU
		Release|Any CPU = Release|Any CPU
	EndGlobalSection
	GlobalSection(ProjectConfigurationPlatforms) = postSolution
		{AD10FB0D-0C17-4674-875F-79EA0B018315}.Debug|Any CPU.ActiveCfg = Debug|Any CPU
		{AD10FB0D-0C17-4674-875F-79EA0B018315}.Debug|Any CPU.Build.0 = Debug|Any CPU
		{AD10FB0D-0C17-4674-875F-79EA0B018315}.Release|Any CPU.ActiveCfg = Release|Any CPU
		{AD10FB0D-0C17-4674-875F-79EA0B018315}.Release|Any CPU.Build.0 = Release|Any CPU
	EndGlobalSection
	GlobalSection(SolutionProperties) = preSolution
		HideSolutionNode = FALSE
	EndGlobalSection
	GlobalSection(ExtensibilityGlobals) = postSolution
		SolutionGuid = {CFDFC481-E52A-42AE-A194-BF17946A0B6A}
	EndGlobalSection
EndGlobal
